
Microsoft Visual Studio Solution File, Format Version 12.00
# Visual Studio Version 16
VisualStudioVersion = 16.0.29920.165
MinimumVisualStudioVersion = 10.0.40219.1
Project("{F184B08F-C81C-45F6-A57F-5ABD9991F28F}") = "Modul 3.4", "3X\Modul 3.4.vbproj", "{0F139C8A-3322-429D-BB91-E07A42EFAEA0}"
EndProject
Global
	GlobalSection(SolutionConfigurationPlatforms) = preSolution
		Debug|Any CPU = Debug|Any CPU
		Release|Any CPU = Release|Any CPU
	EndGlobalSection
	GlobalSection(ProjectConfigurationPlatforms) = postSolution
		{0F139C8A-3322-429D-BB91-E07A42EFAEA0}.Debug|Any CPU.ActiveCfg = Debug|Any CPU
		{0F139C8A-3322-429D-BB91-E07A42EFAEA0}.Debug|Any CPU.Build.0 = Debug|Any CPU
		{0F139C8A-3322-429D-BB91-E07A42EFAEA0}.Release|Any CPU.ActiveCfg = Release|Any CPU
		{0F139C8A-3322-429D-BB91-E07A42EFAEA0}.Release|Any CPU.Build.0 = Release|Any CPU
	EndGlobalSection
	GlobalSection(SolutionProperties) = preSolution
		HideSolutionNode = FALSE
	EndGlobalSection
	GlobalSection(ExtensibilityGlobals) = postSolution
		SolutionGuid = {17FD67BC-D969-4EE9-8044-1F8FD89817F8}
	EndGlobalSection
EndGlobal
