
Microsoft Visual Studio Solution File, Format Version 12.00
# Visual Studio Version 16
VisualStudioVersion = 16.0.29920.165
MinimumVisualStudioVersion = 10.0.40219.1
Project("{F184B08F-C81C-45F6-A57F-5ABD9991F28F}") = "3W", "3W\3W.vbproj", "{D7C8BF92-4847-45ED-8813-CA04AF60595C}"
EndProject
Global
	GlobalSection(SolutionConfigurationPlatforms) = preSolution
		Debug|Any CPU = Debug|Any CPU
		Release|Any CPU = Release|Any CPU
	EndGlobalSection
	GlobalSection(ProjectConfigurationPlatforms) = postSolution
		{D7C8BF92-4847-45ED-8813-CA04AF60595C}.Debug|Any CPU.ActiveCfg = Debug|Any CPU
		{D7C8BF92-4847-45ED-8813-CA04AF60595C}.Debug|Any CPU.Build.0 = Debug|Any CPU
		{D7C8BF92-4847-45ED-8813-CA04AF60595C}.Release|Any CPU.ActiveCfg = Release|Any CPU
		{D7C8BF92-4847-45ED-8813-CA04AF60595C}.Release|Any CPU.Build.0 = Release|Any CPU
	EndGlobalSection
	GlobalSection(SolutionProperties) = preSolution
		HideSolutionNode = FALSE
	EndGlobalSection
	GlobalSection(ExtensibilityGlobals) = postSolution
		SolutionGuid = {9C8DF6F4-CBBE-4707-B6F3-94C42A246DDB}
	EndGlobalSection
EndGlobal
